
Microsoft Visual Studio Solution File, Format Version 12.00
# Visual Studio Version 17
VisualStudioVersion = 17.3.32825.248
MinimumVisualStudioVersion = 10.0.40219.1
Project("{9A19103F-16F7-4668-BE54-9A1E7A4F7556}") = "Dal", "Dal\Dal.csproj", "{412BE0B1-0A20-472A-9E2A-6450EF86BC04}"
EndProject
Project("{9A19103F-16F7-4668-BE54-9A1E7A4F7556}") = "Logic", "Logic\Logic.csproj", "{ED3DFEEB-048A-4581-A57E-32C6ECB84EA1}"
EndProject
Project("{9A19103F-16F7-4668-BE54-9A1E7A4F7556}") = "Api", "Api\Api.csproj", "{277BA95E-49C3-450B-A7BE-63DD4E842A3D}"
EndProject
Global
	GlobalSection(SolutionConfigurationPlatforms) = preSolution
		Debug|Any CPU = Debug|Any CPU
		Release|Any CPU = Release|Any CPU
	EndGlobalSection
	GlobalSection(ProjectConfigurationPlatforms) = postSolution
		{412BE0B1-0A20-472A-9E2A-6450EF86BC04}.Debug|Any CPU.ActiveCfg = Debug|Any CPU
		{412BE0B1-0A20-472A-9E2A-6450EF86BC04}.Debug|Any CPU.Build.0 = Debug|Any CPU
		{412BE0B1-0A20-472A-9E2A-6450EF86BC04}.Release|Any CPU.ActiveCfg = Release|Any CPU
		{412BE0B1-0A20-472A-9E2A-6450EF86BC04}.Release|Any CPU.Build.0 = Release|Any CPU
		{ED3DFEEB-048A-4581-A57E-32C6ECB84EA1}.Debug|Any CPU.ActiveCfg = Debug|Any CPU
		{ED3DFEEB-048A-4581-A57E-32C6ECB84EA1}.Debug|Any CPU.Build.0 = Debug|Any CPU
		{ED3DFEEB-048A-4581-A57E-32C6ECB84EA1}.Release|Any CPU.ActiveCfg = Release|Any CPU
		{ED3DFEEB-048A-4581-A57E-32C6ECB84EA1}.Release|Any CPU.Build.0 = Release|Any CPU
		{277BA95E-49C3-450B-A7BE-63DD4E842A3D}.Debug|Any CPU.ActiveCfg = Debug|Any CPU
		{277BA95E-49C3-450B-A7BE-63DD4E842A3D}.Debug|Any CPU.Build.0 = Debug|Any CPU
		{277BA95E-49C3-450B-A7BE-63DD4E842A3D}.Release|Any CPU.ActiveCfg = Release|Any CPU
		{277BA95E-49C3-450B-A7BE-63DD4E842A3D}.Release|Any CPU.Build.0 = Release|Any CPU
	EndGlobalSection
	GlobalSection(SolutionProperties) = preSolution
		HideSolutionNode = FALSE
	EndGlobalSection
	GlobalSection(ExtensibilityGlobals) = postSolution
		SolutionGuid = {7075658F-27C4-463C-8E23-CD6E095180F0}
	EndGlobalSection
EndGlobal
